{
  "name": "backend",
  "lockfileVersion": 3,
  "requires": true,
  "packages": {
    "": {
      "dependencies": {
        "@tanstack/react-query": "^5.85.6"
      }
    },
    "node_modules/@tanstack/query-core": {
      "version": "5.85.6",
      "resolved": "https://registry.npmjs.org/@tanstack/query-core/-/query-core-5.85.6.tgz",
      "integrity": "sha512-hCj0TktzdCv2bCepIdfwqVwUVWb+GSHm1Jnn8w+40lfhQ3m7lCO7ADRUJy+2unxQ/nzjh2ipC6ye69NDW3l73g==",
      "license": "MIT",
      "funding": {
        "type": "github",
        "url": "https://github.com/sponsors/tannerlinsley"
      }
    },
    "node_modules/@tanstack/react-query": {
      "version": "5.85.6",
      "resolved": "https://registry.npmjs.org/@tanstack/react-query/-/react-query-5.85.6.tgz",
      "integrity": "sha512-VUAag4ERjh+qlmg0wNivQIVCZUrYndqYu3/wPCVZd4r0E+1IqotbeyGTc+ICroL/PqbpSaGZg02zSWYfcvxbdA==",
      "license": "MIT",
      "dependencies": {
        "@tanstack/query-core": "5.85.6"
      },
      "funding": {
        "type": "github",
        "url": "https://github.com/sponsors/tannerlinsley"
      },
      "peerDependencies": {
        "react": "^18 || ^19"
      }
    },
    "node_modules/react": {
      "version": "19.1.1",
      "resolved": "https://registry.npmjs.org/react/-/react-19.1.1.tgz",
      "integrity": "sha512-w8nqGImo45dmMIfljjMwOGtbmC/mk4CMYhWIicdSflH91J9TyCyczcPFXJzrZ/ZXcgGRFeP6BU0BEJTw6tZdfQ==",
      "license": "MIT",
      "peer": true,
      "engines": {
        "node": ">=0.10.0"
      }
    }
  }
}
